
Microsoft Visual Studio Solution File, Format Version 12.00
# Visual Studio Version 17
VisualStudioVersion = 17.3.32825.248
MinimumVisualStudioVersion = 10.0.40219.1
Project("{FAE04EC0-301F-11D3-BF4B-00C04F79EFBC}") = "Librarymanagment", "WebApplication1\Librarymanagment.csproj", "{30E87AAB-854D-4EA2-96B2-32D2775509A0}"
EndProject
Global
	GlobalSection(SolutionConfigurationPlatforms) = preSolution
		Debug|Any CPU = Debug|Any CPU
		Release|Any CPU = Release|Any CPU
	EndGlobalSection
	GlobalSection(ProjectConfigurationPlatforms) = postSolution
		{30E87AAB-854D-4EA2-96B2-32D2775509A0}.Debug|Any CPU.ActiveCfg = Debug|Any CPU
		{30E87AAB-854D-4EA2-96B2-32D2775509A0}.Debug|Any CPU.Build.0 = Debug|Any CPU
		{30E87AAB-854D-4EA2-96B2-32D2775509A0}.Release|Any CPU.ActiveCfg = Release|Any CPU
		{30E87AAB-854D-4EA2-96B2-32D2775509A0}.Release|Any CPU.Build.0 = Release|Any CPU
	EndGlobalSection
	GlobalSection(SolutionProperties) = preSolution
		HideSolutionNode = FALSE
	EndGlobalSection
	GlobalSection(ExtensibilityGlobals) = postSolution
		SolutionGuid = {BBAE88A6-33B2-465A-93A8-A850D994165E}
	EndGlobalSection
EndGlobal
